// !$*UTF8*$!
{
	archiveVersion = 1;
	classes = {
	};
	objectVersion = 51;
	objects = {

/* Begin PBXBuildFile section */
		28D00A3CDD957AD8D96D584F /* Pods_Instagram.framework in Frameworks */ = {isa = PBXBuildFile; fileRef = D774B1731C8498AA6D91A833 /* Pods_Instagram.framework */; };
		C50FC074274AA6B100CC07E1 /* UserTableViewController.swift in Sources */ = {isa = PBXBuildFile; fileRef = C50FC073274AA6B100CC07E1 /* UserTableViewController.swift */; };
		C50FC079274B8CCD00CC07E1 /* PostViewController.swift in Sources */ = {isa = PBXBuildFile; fileRef = C50FC078274B8CCD00CC07E1 /* PostViewController.swift */; };
		C50FC07E274B987D00CC07E1 /* FeedTableViewController.swift in Sources */ = {isa = PBXBuildFile; fileRef = C50FC07D274B987D00CC07E1 /* FeedTableViewController.swift */; };
		C50FC083274B996B00CC07E1 /* FeedTableViewCell.swift in Sources */ = {isa = PBXBuildFile; fileRef = C50FC082274B996B00CC07E1 /* FeedTableViewCell.swift */; };
		C514EDBD274953CD001E3AAC /* AppDelegate.swift in Sources */ = {isa = PBXBuildFile; fileRef = C514EDBC274953CD001E3AAC /* AppDelegate.swift */; };
		C514EDBF274953CD001E3AAC /* SceneDelegate.swift in Sources */ = {isa = PBXBuildFile; fileRef = C514EDBE274953CD001E3AAC /* SceneDelegate.swift */; };
		C514EDC1274953CD001E3AAC /* ViewController.swift in Sources */ = {isa = PBXBuildFile; fileRef = C514EDC0274953CD001E3AAC /* ViewController.swift */; };
		C514EDC4274953CD001E3AAC /* Main.storyboard in Resources */ = {isa = PBXBuildFile; fileRef = C514EDC2274953CD001E3AAC /* Main.storyboard */; };
		C514EDC6274953D2001E3AAC /* Assets.xcassets in Resources */ = {isa = PBXBuildFile; fileRef = C514EDC5274953D2001E3AAC /* Assets.xcassets */; };
		C514EDC9274953D2001E3AAC /* LaunchScreen.storyboard in Resources */ = {isa = PBXBuildFile; fileRef = C514EDC7274953D2001E3AAC /* LaunchScreen.storyboard */; };
		C514EDD4274953D2001E3AAC /* InstagramTests.swift in Sources */ = {isa = PBXBuildFile; fileRef = C514EDD3274953D2001E3AAC /* InstagramTests.swift */; };
		C514EDDF274953D2001E3AAC /* InstagramUITests.swift in Sources */ = {isa = PBXBuildFile; fileRef = C514EDDE274953D2001E3AAC /* InstagramUITests.swift */; };
/* End PBXBuildFile section */

/* Begin PBXContainerItemProxy section */
		C514EDD0274953D2001E3AAC /* PBXContainerItemProxy */ = {
			isa = PBXContainerItemProxy;
			containerPortal = C514EDB1274953CD001E3AAC /* Project object */;
			proxyType = 1;
			remoteGlobalIDString = C514EDB8274953CD001E3AAC;
			remoteInfo = Instagram;
		};
		C514EDDB274953D2001E3AAC /* PBXContainerItemProxy */ = {
			isa = PBXContainerItemProxy;
			containerPortal = C514EDB1274953CD001E3AAC /* Project object */;
			proxyType = 1;
			remoteGlobalIDString = C514EDB8274953CD001E3AAC;
			remoteInfo = Instagram;
		};
/* End PBXContainerItemProxy section */

/* Begin PBXFileReference section */
		0D3107A448B83DB7F2D4C03A /* Pods-Instagram.debug.xcconfig */ = {isa = PBXFileReference; includeInIndex = 1; lastKnownFileType = text.xcconfig; name = "Pods-Instagram.debug.xcconfig"; path = "Target Support Files/Pods-Instagram/Pods-Instagram.debug.xcconfig"; sourceTree = "<group>"; };
		40382194584FB65EEC459271 /* Pods-Instagram.release.xcconfig */ = {isa = PBXFileReference; includeInIndex = 1; lastKnownFileType = text.xcconfig; name = "Pods-Instagram.release.xcconfig"; path = "Target Support Files/Pods-Instagram/Pods-Instagram.release.xcconfig"; sourceTree = "<group>"; };
		C50FC073274AA6B100CC07E1 /* UserTableViewController.swift */ = {isa = PBXFileReference; lastKnownFileType = sourcecode.swift; path = UserTableViewController.swift; sourceTree = "<group>"; };
		C50FC078274B8CCD00CC07E1 /* PostViewController.swift */ = {isa = PBXFileReference; lastKnownFileType = sourcecode.swift; path = PostViewController.swift; sourceTree = "<group>"; };
		C50FC07D274B987D00CC07E1 /* FeedTableViewController.swift */ = {isa = PBXFileReference; lastKnownFileType = sourcecode.swift; path = FeedTableViewController.swift; sourceTree = "<group>"; };
		C50FC082274B996B00CC07E1 /* FeedTableViewCell.swift */ = {isa = PBXFileReference; lastKnownFileType = sourcecode.swift; path = FeedTableViewCell.swift; sourceTree = "<group>"; };
		C514EDB9274953CD001E3AAC /* Instagram.app */ = {isa = PBXFileReference; explicitFileType = wrapper.application; includeInIndex = 0; path = Instagram.app; sourceTree = BUILT_PRODUCTS_DIR; };
		C514EDBC274953CD001E3AAC /* AppDelegate.swift */ = {isa = PBXFileReference; lastKnownFileType = sourcecode.swift; path = AppDelegate.swift; sourceTree = "<group>"; };
		C514EDBE274953CD001E3AAC /* SceneDelegate.swift */ = {isa = PBXFileReference; lastKnownFileType = sourcecode.swift; path = SceneDelegate.swift; sourceTree = "<group>"; };
		C514EDC0274953CD001E3AAC /* ViewController.swift */ = {isa = PBXFileReference; lastKnownFileType = sourcecode.swift; path = ViewController.swift; sourceTree = "<group>"; };
		C514EDC3274953CD001E3AAC /* Base */ = {isa = PBXFileReference; lastKnownFileType = file.storyboard; name = Base; path = Base.lproj/Main.storyboard; sourceTree = "<group>"; };
		C514EDC5274953D2001E3AAC /* Assets.xcassets */ = {isa = PBXFileReference; lastKnownFileType = folder.assetcatalog; path = Assets.xcassets; sourceTree = "<group>"; };
		C514EDC8274953D2001E3AAC /* Base */ = {isa = PBXFileReference; lastKnownFileType = file.storyboard; name = Base; path = Base.lproj/LaunchScreen.storyboard; sourceTree = "<group>"; };
		C514EDCA274953D2001E3AAC /* Info.plist */ = {isa = PBXFileReference; lastKnownFileType = text.plist.xml; path = Info.plist; sourceTree = "<group>"; };
		C514EDCF274953D2001E3AAC /* InstagramTests.xctest */ = {isa = PBXFileReference; explicitFileType = wrapper.cfbundle; includeInIndex = 0; path = InstagramTests.xctest; sourceTree = BUILT_PRODUCTS_DIR; };
		C514EDD3274953D2001E3AAC /* InstagramTests.swift */ = {isa = PBXFileReference; lastKnownFileType = sourcecode.swift; path = InstagramTests.swift; sourceTree = "<group>"; };
		C514EDD5274953D2001E3AAC /* Info.plist */ = {isa = PBXFileReference; lastKnownFileType = text.plist.xml; path = Info.plist; sourceTree = "<group>"; };
		C514EDDA274953D2001E3AAC /* InstagramUITests.xctest */ = {isa = PBXFileReference; explicitFileType = wrapper.cfbundle; includeInIndex = 0; path = InstagramUITests.xctest; sourceTree = BUILT_PRODUCTS_DIR; };
		C514EDDE274953D2001E3AAC /* InstagramUITests.swift */ = {isa = PBXFileReference; lastKnownFileType = sourcecode.swift; path = InstagramUITests.swift; sourceTree = "<group>"; };
		C514EDE0274953D2001E3AAC /* Info.plist */ = {isa = PBXFileReference; lastKnownFileType = text.plist.xml; path = Info.plist; sourceTree = "<group>"; };
		D774B1731C8498AA6D91A833 /* Pods_Instagram.framework */ = {isa = PBXFileReference; explicitFileType = wrapper.framework; includeInIndex = 0; path = Pods_Instagram.framework; sourceTree = BUILT_PRODUCTS_DIR; };
/* End PBXFileReference section */

/* Begin PBXFrameworksBuildPhase section */
		C514EDB6274953CD001E3AAC /* Frameworks */ = {
			isa = PBXFrameworksBuildPhase;
			buildActionMask = 2147483647;
			files = (
				28D00A3CDD957AD8D96D584F /* Pods_Instagram.framework in Frameworks */,
			);
			runOnlyForDeploymentPostprocessing = 0;
		};
		C514EDCC274953D2001E3AAC /* Frameworks */ = {
			isa = PBXFrameworksBuildPhase;
			buildActionMask = 2147483647;
			files = (
			);
			runOnlyForDeploymentPostprocessing = 0;
		};
		C514EDD7274953D2001E3AAC /* Frameworks */ = {
			isa = PBXFrameworksBuildPhase;
			buildActionMask = 2147483647;
			files = (
			);
			runOnlyForDeploymentPostprocessing = 0;
		};
/* End PBXFrameworksBuildPhase section */

/* Begin PBXGroup section */
		8BE4BD876B7ADF305BF424E1 /* Frameworks */ = {
			isa = PBXGroup;
			children = (
				D774B1731C8498AA6D91A833 /* Pods_Instagram.framework */,
			);
			name = Frameworks;
			sourceTree = "<group>";
		};
		C514EDB0274953CD001E3AAC = {
			isa = PBXGroup;
			children = (
				C514EDBB274953CD001E3AAC /* Instagram */,
				C514EDD2274953D2001E3AAC /* InstagramTests */,
				C514EDDD274953D2001E3AAC /* InstagramUITests */,
				C514EDBA274953CD001E3AAC /* Products */,
				DDDED337C338755B123DA0D5 /* Pods */,
				8BE4BD876B7ADF305BF424E1 /* Frameworks */,
			);
			sourceTree = "<group>";
		};
		C514EDBA274953CD001E3AAC /* Products */ = {
			isa = PBXGroup;
			children = (
				C514EDB9274953CD001E3AAC /* Instagram.app */,
				C514EDCF274953D2001E3AAC /* InstagramTests.xctest */,
				C514EDDA274953D2001E3AAC /* InstagramUITests.xctest */,
			);
			name = Products;
			sourceTree = "<group>";
		};
		C514EDBB274953CD001E3AAC /* Instagram */ = {
			isa = PBXGroup;
			children = (
				C514EDBC274953CD001E3AAC /* AppDelegate.swift */,
				C514EDBE274953CD001E3AAC /* SceneDelegate.swift */,
				C514EDC0274953CD001E3AAC /* ViewController.swift */,
				C514EDC2274953CD001E3AAC /* Main.storyboard */,
				C514EDC5274953D2001E3AAC /* Assets.xcassets */,
				C514EDC7274953D2001E3AAC /* LaunchScreen.storyboard */,
				C514EDCA274953D2001E3AAC /* Info.plist */,
				C50FC073274AA6B100CC07E1 /* UserTableViewController.swift */,
				C50FC078274B8CCD00CC07E1 /* PostViewController.swift */,
				C50FC07D274B987D00CC07E1 /* FeedTableViewController.swift */,
				C50FC082274B996B00CC07E1 /* FeedTableViewCell.swift */,
			);
			path = Instagram;
			sourceTree = "<group>";
		};
		C514EDD2274953D2001E3AAC /* InstagramTests */ = {
			isa = PBXGroup;
			children = (
				C514EDD3274953D2001E3AAC /* InstagramTests.swift */,
				C514EDD5274953D2001E3AAC /* Info.plist */,
			);
			path = InstagramTests;
			sourceTree = "<group>";
		};
		C514EDDD274953D2001E3AAC /* InstagramUITests */ = {
			isa = PBXGroup;
			children = (
				C514EDDE274953D2001E3AAC /* InstagramUITests.swift */,
				C514EDE0274953D2001E3AAC /* Info.plist */,
			);
			path = InstagramUITests;
			sourceTree = "<group>";
		};
		DDDED337C338755B123DA0D5 /* Pods */ = {
			isa = PBXGroup;
			children = (
				0D3107A448B83DB7F2D4C03A /* Pods-Instagram.debug.xcconfig */,
				40382194584FB65EEC459271 /* Pods-Instagram.release.xcconfig */,
			);
			path = Pods;
			sourceTree = "<group>";
		};
/* End PBXGroup section */

/* Begin PBXNativeTarget section */
		C514EDB8274953CD001E3AAC /* Instagram */ = {
			isa = PBXNativeTarget;
			buildConfigurationList = C514EDE3274953D2001E3AAC /* Build configuration list for PBXNativeTarget "Instagram" */;
			buildPhases = (
				CEF10D681E36D30EE11A47A2 /* [CP] Check Pods Manifest.lock */,
				C514EDB5274953CD001E3AAC /* Sources */,
				C514EDB6274953CD001E3AAC /* Frameworks */,
				C514EDB7274953CD001E3AAC /* Resources */,
				F0A21BEAFA7101B27B404834 /* [CP] Embed Pods Frameworks */,
			);
			buildRules = (
			);
			dependencies = (
			);
			name = Instagram;
			productName = Instagram;
			productReference = C514EDB9274953CD001E3AAC /* Instagram.app */;
			productType = "com.apple.product-type.application";
		};
		C514EDCE274953D2001E3AAC /* InstagramTests */ = {
			isa = PBXNativeTarget;
			buildConfigurationList = C514EDE6274953D2001E3AAC /* Build configuration list for PBXNativeTarget "InstagramTests" */;
			buildPhases = (
				C514EDCB274953D2001E3AAC /* Sources */,
				C514EDCC274953D2001E3AAC /* Frameworks */,
				C514EDCD274953D2001E3AAC /* Resources */,
			);
			buildRules = (
			);
			dependencies = (
				C514EDD1274953D2001E3AAC /* PBXTargetDependency */,
			);
			name = InstagramTests;
			productName = InstagramTests;
			productReference = C514EDCF274953D2001E3AAC /* InstagramTests.xctest */;
			productType = "com.apple.product-type.bundle.unit-test";
		};
		C514EDD9274953D2001E3AAC /* InstagramUITests */ = {
			isa = PBXNativeTarget;
			buildConfigurationList = C514EDE9274953D2001E3AAC /* Build configuration list for PBXNativeTarget "InstagramUITests" */;
			buildPhases = (
				C514EDD6274953D2001E3AAC /* Sources */,
				C514EDD7274953D2001E3AAC /* Frameworks */,
				C514EDD8274953D2001E3AAC /* Resources */,
			);
			buildRules = (
			);
			dependencies = (
				C514EDDC274953D2001E3AAC /* PBXTargetDependency */,
			);
			name = InstagramUITests;
			productName = InstagramUITests;
			productReference = C514EDDA274953D2001E3AAC /* InstagramUITests.xctest */;
			productType = "com.apple.product-type.bundle.ui-testing";
		};
/* End PBXNativeTarget section */

/* Begin PBXProject section */
		C514EDB1274953CD001E3AAC /* Project object */ = {
			isa = PBXProject;
			attributes = {
				LastSwiftUpdateCheck = 1200;
				LastUpgradeCheck = 1200;
				TargetAttributes = {
					C514EDB8274953CD001E3AAC = {
						CreatedOnToolsVersion = 12.0.1;
					};
					C514EDCE274953D2001E3AAC = {
						CreatedOnToolsVersion = 12.0.1;
						TestTargetID = C514EDB8274953CD001E3AAC;
					};
					C514EDD9274953D2001E3AAC = {
						CreatedOnToolsVersion = 12.0.1;
						TestTargetID = C514EDB8274953CD001E3AAC;
					};
				};
			};
			buildConfigurationList = C514EDB4274953CD001E3AAC /* Build configuration list for PBXProject "Instagram" */;
			compatibilityVersion = "Xcode 9.3";
			developmentRegion = en;
			hasScannedForEncodings = 0;
			knownRegions = (
				en,
				Base,
			);
			mainGroup = C514EDB0274953CD001E3AAC;
			productRefGroup = C514EDBA274953CD001E3AAC /* Products */;
			projectDirPath = "";
			projectRoot = "";
			targets = (
				C514EDB8274953CD001E3AAC /* Instagram */,
				C514EDCE274953D2001E3AAC /* InstagramTests */,
				C514EDD9274953D2001E3AAC /* InstagramUITests */,
			);
		};
/* End PBXProject section */

/* Begin PBXResourcesBuildPhase section */
		C514EDB7274953CD001E3AAC /* Resources */ = {
			isa = PBXResourcesBuildPhase;
			buildActionMask = 2147483647;
			files = (
				C514EDC9274953D2001E3AAC /* LaunchScreen.storyboard in Resources */,
				C514EDC6274953D2001E3AAC /* Assets.xcassets in Resources */,
				C514EDC4274953CD001E3AAC /* Main.storyboard in Resources */,
			);
			runOnlyForDeploymentPostprocessing = 0;
		};
		C514EDCD274953D2001E3AAC /* Resources */ = {
			isa = PBXResourcesBuildPhase;
			buildActionMask = 2147483647;
			files = (
			);
			runOnlyForDeploymentPostprocessing = 0;
		};
		C514EDD8274953D2001E3AAC /* Resources */ = {
			isa = PBXResourcesBuildPhase;
			buildActionMask = 2147483647;
			files = (
			);
			runOnlyForDeploymentPostprocessing = 0;
		};
/* End PBXResourcesBuildPhase section */

/* Begin PBXShellScriptBuildPhase section */
		CEF10D681E36D30EE11A47A2 /* [CP] Check Pods Manifest.lock */ = {
			isa = PBXShellScriptBuildPhase;
			buildActionMask = 2147483647;
			files = (
			);
			inputFileListPaths = (
			);
			inputPaths = (
				"${PODS_PODFILE_DIR_PATH}/Podfile.lock",
				"${PODS_ROOT}/Manifest.lock",
			);
			name = "[CP] Check Pods Manifest.lock";
			outputFileListPaths = (
			);
			outputPaths = (
				"$(DERIVED_FILE_DIR)/Pods-Instagram-checkManifestLockResult.txt",
			);
			runOnlyForDeploymentPostprocessing = 0;
			shellPath = /bin/sh;
			shellScript = "diff \"${PODS_PODFILE_DIR_PATH}/Podfile.lock\" \"${PODS_ROOT}/Manifest.lock\" > /dev/null\nif [ $? != 0 ] ; then\n    # print error to STDERR\n    echo \"error: The sandbox is not in sync with the Podfile.lock. Run 'pod install' or update your CocoaPods installation.\" >&2\n    exit 1\nfi\n# This output is used by Xcode 'outputs' to avoid re-running this script phase.\necho \"SUCCESS\" > \"${SCRIPT_OUTPUT_FILE_0}\"\n";
			showEnvVarsInLog = 0;
		};
		F0A21BEAFA7101B27B404834 /* [CP] Embed Pods Frameworks */ = {
			isa = PBXShellScriptBuildPhase;
			buildActionMask = 2147483647;
			files = (
			);
			inputFileListPaths = (
				"${PODS_ROOT}/Target Support Files/Pods-Instagram/Pods-Instagram-frameworks-${CONFIGURATION}-input-files.xcfilelist",
			);
			name = "[CP] Embed Pods Frameworks";
			outputFileListPaths = (
				"${PODS_ROOT}/Target Support Files/Pods-Instagram/Pods-Instagram-frameworks-${CONFIGURATION}-output-files.xcfilelist",
			);
			runOnlyForDeploymentPostprocessing = 0;
			shellPath = /bin/sh;
			shellScript = "\"${PODS_ROOT}/Target Support Files/Pods-Instagram/Pods-Instagram-frameworks.sh\"\n";
			showEnvVarsInLog = 0;
		};
/* End PBXShellScriptBuildPhase section */

/* Begin PBXSourcesBuildPhase section */
		C514EDB5274953CD001E3AAC /* Sources */ = {
			isa = PBXSourcesBuildPhase;
			buildActionMask = 2147483647;
			files = (
				C514EDC1274953CD001E3AAC /* ViewController.swift in Sources */,
				C50FC07E274B987D00CC07E1 /* FeedTableViewController.swift in Sources */,
				C50FC083274B996B00CC07E1 /* FeedTableViewCell.swift in Sources */,
				C514EDBD274953CD001E3AAC /* AppDelegate.swift in Sources */,
				C50FC074274AA6B100CC07E1 /* UserTableViewController.swift in Sources */,
				C514EDBF274953CD001E3AAC /* SceneDelegate.swift in Sources */,
				C50FC079274B8CCD00CC07E1 /* PostViewController.swift in Sources */,
			);
			runOnlyForDeploymentPostprocessing = 0;
		};
		C514EDCB274953D2001E3AAC /* Sources */ = {
			isa = PBXSourcesBuildPhase;
			buildActionMask = 2147483647;
			files = (
				C514EDD4274953D2001E3AAC /* InstagramTests.swift in Sources */,
			);
			runOnlyForDeploymentPostprocessing = 0;
		};
		C514EDD6274953D2001E3AAC /* Sources */ = {
			isa = PBXSourcesBuildPhase;
			buildActionMask = 2147483647;
			files = (
				C514EDDF274953D2001E3AAC /* InstagramUITests.swift in Sources */,
			);
			runOnlyForDeploymentPostprocessing = 0;
		};
/* End PBXSourcesBuildPhase section */

/* Begin PBXTargetDependency section */
		C514EDD1274953D2001E3AAC /* PBXTargetDependency */ = {
			isa = PBXTargetDependency;
			target = C514EDB8274953CD001E3AAC /* Instagram */;
			targetProxy = C514EDD0274953D2001E3AAC /* PBXContainerItemProxy */;
		};
		C514EDDC274953D2001E3AAC /* PBXTargetDependency */ = {
			isa = PBXTargetDependency;
			target = C514EDB8274953CD001E3AAC /* Instagram */;
			targetProxy = C514EDDB274953D2001E3AAC /* PBXContainerItemProxy */;
		};
/* End PBXTargetDependency section */

/* Begin PBXVariantGroup section */
		C514EDC2274953CD001E3AAC /* Main.storyboard */ = {
			isa = PBXVariantGroup;
			children = (
				C514EDC3274953CD001E3AAC /* Base */,
			);
			name = Main.storyboard;
			sourceTree = "<group>";
		};
		C514EDC7274953D2001E3AAC /* LaunchScreen.storyboard */ = {
			isa = PBXVariantGroup;
			children = (
				C514EDC8274953D2001E3AAC /* Base */,
			);
			name = LaunchScreen.storyboard;
			sourceTree = "<group>";
		};
/* End PBXVariantGroup section */

/* Begin XCBuildConfiguration section */
		C514EDE1274953D2001E3AAC /* Debug */ = {
			isa = XCBuildConfiguration;
			buildSettings = {
				ALWAYS_SEARCH_USER_PATHS = NO;
				CLANG_ANALYZER_NONNULL = YES;
				CLANG_ANALYZER_NUMBER_OBJECT_CONVERSION = YES_AGGRESSIVE;
				CLANG_CXX_LANGUAGE_STANDARD = "gnu++14";
				CLANG_CXX_LIBRARY = "libc++";
				CLANG_ENABLE_MODULES = YES;
				CLANG_ENABLE_OBJC_ARC = YES;
				CLANG_ENABLE_OBJC_WEAK = YES;
				CLANG_WARN_BLOCK_CAPTURE_AUTORELEASING = YES;
				CLANG_WARN_BOOL_CONVERSION = YES;
				CLANG_WARN_COMMA = YES;
				CLANG_WARN_CONSTANT_CONVERSION = YES;
				CLANG_WARN_DEPRECATED_OBJC_IMPLEMENTATIONS = YES;
				CLANG_WARN_DIRECT_OBJC_ISA_USAGE = YES_ERROR;
				CLANG_WARN_DOCUMENTATION_COMMENTS = YES;
				CLANG_WARN_EMPTY_BODY = YES;
				CLANG_WARN_ENUM_CONVERSION = YES;
				CLANG_WARN_INFINITE_RECURSION = YES;
				CLANG_WARN_INT_CONVERSION = YES;
				CLANG_WARN_NON_LITERAL_NULL_CONVERSION = YES;
				CLANG_WARN_OBJC_IMPLICIT_RETAIN_SELF = YES;
				CLANG_WARN_OBJC_LITERAL_CONVERSION = YES;
				CLANG_WARN_OBJC_ROOT_CLASS = YES_ERROR;
				CLANG_WARN_QUOTED_INCLUDE_IN_FRAMEWORK_HEADER = YES;
				CLANG_WARN_RANGE_LOOP_ANALYSIS = YES;
				CLANG_WARN_STRICT_PROTOTYPES = YES;
				CLANG_WARN_SUSPICIOUS_MOVE = YES;
				CLANG_WARN_UNGUARDED_AVAILABILITY = YES_AGGRESSIVE;
				CLANG_WARN_UNREACHABLE_CODE = YES;
				CLANG_WARN__DUPLICATE_METHOD_MATCH = YES;
				COPY_PHASE_STRIP = NO;
				DEBUG_INFORMATION_FORMAT = dwarf;
				ENABLE_STRICT_OBJC_MSGSEND = YES;
				ENABLE_TESTABILITY = YES;
				GCC_C_LANGUAGE_STANDARD = gnu11;
				GCC_DYNAMIC_NO_PIC = NO;
				GCC_NO_COMMON_BLOCKS = YES;
				GCC_OPTIMIZATION_LEVEL = 0;
				GCC_PREPROCESSOR_DEFINITIONS = (
					"DEBUG=1",
					"$(inherited)",
				);
				GCC_WARN_64_TO_32_BIT_CONVERSION = YES;
				GCC_WARN_ABOUT_RETURN_TYPE = YES_ERROR;
				GCC_WARN_UNDECLARED_SELECTOR = YES;
				GCC_WARN_UNINITIALIZED_AUTOS = YES_AGGRESSIVE;
				GCC_WARN_UNUSED_FUNCTION = YES;
				GCC_WARN_UNUSED_VARIABLE = YES;
				IPHONEOS_DEPLOYMENT_TARGET = 14.0;
				MTL_ENABLE_DEBUG_INFO = INCLUDE_SOURCE;
				MTL_FAST_MATH = YES;
				ONLY_ACTIVE_ARCH = YES;
				SDKROOT = iphoneos;
				SWIFT_ACTIVE_COMPILATION_CONDITIONS = DEBUG;
				SWIFT_OPTIMIZATION_LEVEL = "-Onone";
			};
			name = Debug;
		};
		C514EDE2274953D2001E3AAC /* Release */ = {
			isa = XCBuildConfiguration;
			buildSettings = {
				ALWAYS_SEARCH_USER_PATHS = NO;
				CLANG_ANALYZER_NONNULL = YES;
				CLANG_ANALYZER_NUMBER_OBJECT_CONVERSION = YES_AGGRESSIVE;
				CLANG_CXX_LANGUAGE_STANDARD = "gnu++14";
				CLANG_CXX_LIBRARY = "libc++";
				CLANG_ENABLE_MODULES = YES;
				CLANG_ENABLE_OBJC_ARC = YES;
				CLANG_ENABLE_OBJC_WEAK = YES;
				CLANG_WARN_BLOCK_CAPTURE_AUTORELEASING = YES;
				CLANG_WARN_BOOL_CONVERSION = YES;
				CLANG_WARN_COMMA = YES;
				CLANG_WARN_CONSTANT_CONVERSION = YES;
				CLANG_WARN_DEPRECATED_OBJC_IMPLEMENTATIONS = YES;
				CLANG_WARN_DIRECT_OBJC_ISA_USAGE = YES_ERROR;
				CLANG_WARN_DOCUMENTATION_COMMENTS = YES;
				CLANG_WARN_EMPTY_BODY = YES;
				CLANG_WARN_ENUM_CONVERSION = YES;
				CLANG_WARN_INFINITE_RECURSION = YES;
				CLANG_WARN_INT_CONVERSION = YES;
				CLANG_WARN_NON_LITERAL_NULL_CONVERSION = YES;
				CLANG_WARN_OBJC_IMPLICIT_RETAIN_SELF = YES;
				CLANG_WARN_OBJC_LITERAL_CONVERSION = YES;
				CLANG_WARN_OBJC_ROOT_CLASS = YES_ERROR;
				CLANG_WARN_QUOTED_INCLUDE_IN_FRAMEWORK_HEADER = YES;
				CLANG_WARN_RANGE_LOOP_ANALYSIS = YES;
				CLANG_WARN_STRICT_PROTOTYPES = YES;
				CLANG_WARN_SUSPICIOUS_MOVE = YES;
				CLANG_WARN_UNGUARDED_AVAILABILITY = YES_AGGRESSIVE;
				CLANG_WARN_UNREACHABLE_CODE = YES;
				CLANG_WARN__DUPLICATE_METHOD_MATCH = YES;
				COPY_PHASE_STRIP = NO;
				DEBUG_INFORMATION_FORMAT = "dwarf-with-dsym";
				ENABLE_NS_ASSERTIONS = NO;
				ENABLE_STRICT_OBJC_MSGSEND = YES;
				GCC_C_LANGUAGE_STANDARD = gnu11;
				GCC_NO_COMMON_BLOCKS = YES;
				GCC_WARN_64_TO_32_BIT_CONVERSION = YES;
				GCC_WARN_ABOUT_RETURN_TYPE = YES_ERROR;
				GCC_WARN_UNDECLARED_SELECTOR = YES;
				GCC_WARN_UNINITIALIZED_AUTOS = YES_AGGRESSIVE;
				GCC_WARN_UNUSED_FUNCTION = YES;
				GCC_WARN_UNUSED_VARIABLE = YES;
				IPHONEOS_DEPLOYMENT_TARGET = 14.0;
				MTL_ENABLE_DEBUG_INFO = NO;
				MTL_FAST_MATH = YES;
				SDKROOT = iphoneos;
				SWIFT_COMPILATION_MODE = wholemodule;
				SWIFT_OPTIMIZATION_LEVEL = "-O";
				VALIDATE_PRODUCT = YES;
			};
			name = Release;
		};
		C514EDE4274953D2001E3AAC /* Debug */ = {
			isa = XCBuildConfiguration;
			baseConfigurationReference = 0D3107A448B83DB7F2D4C03A /* Pods-Instagram.debug.xcconfig */;
			buildSettings = {
				ASSETCATALOG_COMPILER_APPICON_NAME = AppIcon;
				ASSETCATALOG_COMPILER_GLOBAL_ACCENT_COLOR_NAME = AccentColor;
				CODE_SIGN_STYLE = Automatic;
				INFOPLIST_FILE = Instagram/Info.plist;
				LD_RUNPATH_SEARCH_PATHS = (
					"$(inherited)",
					"@executable_path/Frameworks",
				);
				PRODUCT_BUNDLE_IDENTIFIER = HUST.Instagram;
				PRODUCT_NAME = "$(TARGET_NAME)";
				SWIFT_VERSION = 5.0;
				TARGETED_DEVICE_FAMILY = "1,2";
			};
			name = Debug;
		};
		C514EDE5274953D2001E3AAC /* Release */ = {
			isa = XCBuildConfiguration;
			baseConfigurationReference = 40382194584FB65EEC459271 /* Pods-Instagram.release.xcconfig */;
			buildSettings = {
				ASSETCATALOG_COMPILER_APPICON_NAME = AppIcon;
				ASSETCATALOG_COMPILER_GLOBAL_ACCENT_COLOR_NAME = AccentColor;
				CODE_SIGN_STYLE = Automatic;
				INFOPLIST_FILE = Instagram/Info.plist;
				LD_RUNPATH_SEARCH_PATHS = (
					"$(inherited)",
					"@executable_path/Frameworks",
				);
				PRODUCT_BUNDLE_IDENTIFIER = HUST.Instagram;
				PRODUCT_NAME = "$(TARGET_NAME)";
				SWIFT_VERSION = 5.0;
				TARGETED_DEVICE_FAMILY = "1,2";
			};
			name = Release;
		};
		C514EDE7274953D2001E3AAC /* Debug */ = {
			isa = XCBuildConfiguration;
			buildSettings = {
				ALWAYS_EMBED_SWIFT_STANDARD_LIBRARIES = YES;
				BUNDLE_LOADER = "$(TEST_HOST)";
				CODE_SIGN_STYLE = Automatic;
				INFOPLIST_FILE = InstagramTests/Info.plist;
				IPHONEOS_DEPLOYMENT_TARGET = 14.0;
				LD_RUNPATH_SEARCH_PATHS = (
					"$(inherited)",
					"@executable_path/Frameworks",
					"@loader_path/Frameworks",
				);
				PRODUCT_BUNDLE_IDENTIFIER = HUST.InstagramTests;
				PRODUCT_NAME = "$(TARGET_NAME)";
				SWIFT_VERSION = 5.0;
				TARGETED_DEVICE_FAMILY = "1,2";
				TEST_HOST = "$(BUILT_PRODUCTS_DIR)/Instagram.app/Instagram";
			};
			name = Debug;
		};
		C514EDE8274953D2001E3AAC /* Release */ = {
			isa = XCBuildConfiguration;
			buildSettings = {
				ALWAYS_EMBED_SWIFT_STANDARD_LIBRARIES = YES;
				BUNDLE_LOADER = "$(TEST_HOST)";
				CODE_SIGN_STYLE = Automatic;
				INFOPLIST_FILE = InstagramTests/Info.plist;
				IPHONEOS_DEPLOYMENT_TARGET = 14.0;
				LD_RUNPATH_SEARCH_PATHS = (
					"$(inherited)",
					"@executable_path/Frameworks",
					"@loader_path/Frameworks",
				);
				PRODUCT_BUNDLE_IDENTIFIER = HUST.InstagramTests;
				PRODUCT_NAME = "$(TARGET_NAME)";
				SWIFT_VERSION = 5.0;
				TARGETED_DEVICE_FAMILY = "1,2";
				TEST_HOST = "$(BUILT_PRODUCTS_DIR)/Instagram.app/Instagram";
			};
			name = Release;
		};
		C514EDEA274953D2001E3AAC /* Debug */ = {
			isa = XCBuildConfiguration;
			buildSettings = {
				ALWAYS_EMBED_SWIFT_STANDARD_LIBRARIES = YES;
				CODE_SIGN_STYLE = Automatic;
				INFOPLIST_FILE = InstagramUITests/Info.plist;
				LD_RUNPATH_SEARCH_PATHS = (
					"$(inherited)",
					"@executable_path/Frameworks",
					"@loader_path/Frameworks",
				);
				PRODUCT_BUNDLE_IDENTIFIER = HUST.InstagramUITests;
				PRODUCT_NAME = "$(TARGET_NAME)";
				SWIFT_VERSION = 5.0;
				TARGETED_DEVICE_FAMILY = "1,2";
				TEST_TARGET_NAME = Instagram;
			};
			name = Debug;
		};
		C514EDEB274953D2001E3AAC /* Release */ = {
			isa = XCBuildConfiguration;
			buildSettings = {
				ALWAYS_EMBED_SWIFT_STANDARD_LIBRARIES = YES;
				CODE_SIGN_STYLE = Automatic;
				INFOPLIST_FILE = InstagramUITests/Info.plist;
				LD_RUNPATH_SEARCH_PATHS = (
					"$(inherited)",
					"@executable_path/Frameworks",
					"@loader_path/Frameworks",
				);
				PRODUCT_BUNDLE_IDENTIFIER = HUST.InstagramUITests;
				PRODUCT_NAME = "$(TARGET_NAME)";
				SWIFT_VERSION = 5.0;
				TARGETED_DEVICE_FAMILY = "1,2";
				TEST_TARGET_NAME = Instagram;
			};
			name = Release;
		};
/* End XCBuildConfiguration section */

/* Begin XCConfigurationList section */
		C514EDB4274953CD001E3AAC /* Build configuration list for PBXProject "Instagram" */ = {
			isa = XCConfigurationList;
			buildConfigurations = (
				C514EDE1274953D2001E3AAC /* Debug */,
				C514EDE2274953D2001E3AAC /* Release */,
			);
			defaultConfigurationIsVisible = 0;
			defaultConfigurationName = Release;
		};
		C514EDE3274953D2001E3AAC /* Build configuration list for PBXNativeTarget "Instagram" */ = {
			isa = XCConfigurationList;
			buildConfigurations = (
				C514EDE4274953D2001E3AAC /* Debug */,
				C514EDE5274953D2001E3AAC /* Release */,
			);
			defaultConfigurationIsVisible = 0;
			defaultConfigurationName = Release;
		};
		C514EDE6274953D2001E3AAC /* Build configuration list for PBXNativeTarget "InstagramTests" */ = {
			isa = XCConfigurationList;
			buildConfigurations = (
				C514EDE7274953D2001E3AAC /* Debug */,
				C514EDE8274953D2001E3AAC /* Release */,
			);
			defaultConfigurationIsVisible = 0;
			defaultConfigurationName = Release;
		};
		C514EDE9274953D2001E3AAC /* Build configuration list for PBXNativeTarget "InstagramUITests" */ = {
			isa = XCConfigurationList;
			buildConfigurations = (
				C514EDEA274953D2001E3AAC /* Debug */,
				C514EDEB274953D2001E3AAC /* Release */,
			);
			defaultConfigurationIsVisible = 0;
			defaultConfigurationName = Release;
		};
/* End XCConfigurationList section */
	};
	rootObject = C514EDB1274953CD001E3AAC /* Project object */;
}
